# This file is autogenerated, do not edit; changes may be undone by the next 'dep ensure'.


[[projects]]
  branch = "master"
  name = "github.com/de-nova-stella/rest"
  packages = ["."]
  revision = "5038925f409c154f724bb679ce6d95744711c41c"

[[projects]]
  branch = "master"
  name = "github.com/kr/pretty"
  packages = ["."]
  revision = "cfb55aafdaf3ec08f0db22699ab822c50091b1c4"

[[projects]]
  branch = "master"
  name = "github.com/kr/text"
  packages = ["."]
  revision = "7cafcd837844e784b526369c9bce262804aebc60"

[[projects]]
  name = "github.com/mattn/go-sqlite3"
  packages = ["."]
  revision = "ca5e3819723d8eeaf170ad510e7da1d6d2e94a08"
  version = "v1.2.0"

[[projects]]
  branch = "master"
  name = "github.com/yhat/scrape"
  packages = ["."]
  revision = "24b7890b0945459dbf91743e4d2ac5d75a51fee2"

[[projects]]
  branch = "master"
  name = "golang.org/x/net"
  packages = ["context","html","html/atom"]
  revision = "b60f3a92103dfd93dfcb900ec77c6d0643510868"

[solve-meta]
  analyzer-name = "dep"
  analyzer-version = 1
  inputs-digest = "b0ddc9d617f1f1c4d9c3f93be92df750cac712e6174d8e256de67a3d800208bc"
  solver-name = "gps-cdcl"
  solver-version = 1
