# This file is autogenerated, do not edit; changes may be undone by the next 'dep ensure'.


[[projects]]
  branch = "master"
  name = "github.com/atecce/investigations"
  packages = ["canvas","lyrics_net"]
  revision = "bb17cee2d30c24bb51a04530de2e4abd8ec0b8bc"

[[projects]]
  name = "github.com/mattn/go-sqlite3"
  packages = ["."]
  revision = "ca5e3819723d8eeaf170ad510e7da1d6d2e94a08"
  version = "v1.2.0"

[[projects]]
  branch = "master"
  name = "github.com/yhat/scrape"
  packages = ["."]
  revision = "24b7890b0945459dbf91743e4d2ac5d75a51fee2"

[[projects]]
  name = "golang.org/x/net"
  packages = ["context","html","html/atom"]
  revision = "a6577fac2d73be281a500b310739095313165611"

[solve-meta]
  analyzer-name = "dep"
  analyzer-version = 1
  inputs-digest = "0b954a64bd5b9907af0ca3a9378e530b380925b371de0496430c057395e97459"
  solver-name = "gps-cdcl"
  solver-version = 1
