# This file is autogenerated, do not edit; changes may be undone by the next 'dep ensure'.


[[projects]]
  branch = "master"
  name = "github.com/de-nova-stella/rest"
  packages = ["."]
  revision = "3a662aedbe349b9595bbb211332c910e0cefb6b3"

[[projects]]
  name = "github.com/mattn/go-sqlite3"
  packages = ["."]
  revision = "ca5e3819723d8eeaf170ad510e7da1d6d2e94a08"
  version = "v1.2.0"

[[projects]]
  branch = "master"
  name = "github.com/yhat/scrape"
  packages = ["."]
  revision = "24b7890b0945459dbf91743e4d2ac5d75a51fee2"

[[projects]]
  branch = "master"
  name = "golang.org/x/net"
  packages = ["context","html","html/atom"]
  revision = "8351a756f30f1297fe94bbf4b767ec589c6ea6d0"

[solve-meta]
  analyzer-name = "dep"
  analyzer-version = 1
  inputs-digest = "d260d21fa9f3e9dc4c375afcfaf296fccacceb9e557ef787601c03ac98e319d1"
  solver-name = "gps-cdcl"
  solver-version = 1
